{
  "originHash" : "1e30cbfa0e3da351d52f73e6ecc4121b94785f620304c03a2f3606c18449f434",
  "pins" : [
    {
      "identity" : "lottie-ios",
      "kind" : "remoteSourceControl",
      "location" : "https://github.com/airbnb/lottie-ios.git",
      "state" : {
        "revision" : "a004050748dc197c56256a14dca49a035d74726c",
        "version" : "4.5.2"
      }
    },
    {
      "identity" : "openai",
      "kind" : "remoteSourceControl",
      "location" : "https://github.com/MacPaw/OpenAI.git",
      "state" : {
        "revision" : "28884fcfb15946b119b6eb3498e5a900c1d8d595",
        "version" : "0.4.7"
      }
    },
    {
      "identity" : "swift-http-types",
      "kind" : "remoteSourceControl",
      "location" : "https://github.com/apple/swift-http-types",
      "state" : {
        "revision" : "45eb0224913ea070ec4fba17291b9e7ecf4749ca",
        "version" : "1.5.1"
      }
    },
    {
      "identity" : "swift-openapi-runtime",
      "kind" : "remoteSourceControl",
      "location" : "https://github.com/apple/swift-openapi-runtime",
      "state" : {
        "revision" : "7722cf8eac05c1f1b5b05895b04cfcc29576d9be",
        "version" : "1.8.3"
      }
    }
  ],
  "version" : 3
}
